{
  "name": "scanAPP",
  "lockfileVersion": 2,
  "requires": true,
  "packages": {
    "": {
      "dependencies": {
        "onscan.js": "^1.5.2"
      }
    },
    "node_modules/onscan.js": {
      "version": "1.5.2",
      "resolved": "https://registry.npmjs.org/onscan.js/-/onscan.js-1.5.2.tgz",
      "integrity": "sha512-9oGYy2gXYRjvXO9GYqqVca0VuCTAmWhbmX3egBSBP13rXiMNb+dKPJzKFEeECGqPBpf0m40Zoo+GUQ7eCackdw=="
    }
  },
  "dependencies": {
    "onscan.js": {
      "version": "1.5.2",
      "resolved": "https://registry.npmjs.org/onscan.js/-/onscan.js-1.5.2.tgz",
      "integrity": "sha512-9oGYy2gXYRjvXO9GYqqVca0VuCTAmWhbmX3egBSBP13rXiMNb+dKPJzKFEeECGqPBpf0m40Zoo+GUQ7eCackdw=="
    }
  }
}
